
Microsoft Visual Studio Solution File, Format Version 12.00
# Visual Studio 15
VisualStudioVersion = 15.0.27004.2008
MinimumVisualStudioVersion = 10.0.40219.1
Project("{2150E333-8FDC-42A3-9474-1A3956D46DE8}") = "0-Test", "0-Test", "{CCFFE34B-39E0-46D4-B083-5A2E4C030C1B}"
EndProject
Project("{2150E333-8FDC-42A3-9474-1A3956D46DE8}") = "1-Core", "1-Core", "{4F0939B5-09A5-4739-9F2E-C8BFEA60EA34}"
EndProject
Project("{2150E333-8FDC-42A3-9474-1A3956D46DE8}") = "2-Adapter", "2-Adapter", "{8ED26847-F5D0-4F17-BE2E-21242948291B}"
EndProject
Project("{2150E333-8FDC-42A3-9474-1A3956D46DE8}") = "3-Infraestructure", "3-Infraestructure", "{1B399D44-0426-485D-83A0-28A345ACE338}"
EndProject
Project("{FAE04EC0-301F-11D3-BF4B-00C04F79EFBC}") = "UnitTestProject", "UnitTestProject\UnitTestProject.csproj", "{391F909E-D33C-4DF0-95EE-EC535F6E065C}"
EndProject
Global
	GlobalSection(SolutionConfigurationPlatforms) = preSolution
		Debug|Any CPU = Debug|Any CPU
		Release|Any CPU = Release|Any CPU
	EndGlobalSection
	GlobalSection(ProjectConfigurationPlatforms) = postSolution
		{391F909E-D33C-4DF0-95EE-EC535F6E065C}.Debug|Any CPU.ActiveCfg = Debug|Any CPU
		{391F909E-D33C-4DF0-95EE-EC535F6E065C}.Debug|Any CPU.Build.0 = Debug|Any CPU
		{391F909E-D33C-4DF0-95EE-EC535F6E065C}.Release|Any CPU.ActiveCfg = Release|Any CPU
		{391F909E-D33C-4DF0-95EE-EC535F6E065C}.Release|Any CPU.Build.0 = Release|Any CPU
	EndGlobalSection
	GlobalSection(SolutionProperties) = preSolution
		HideSolutionNode = FALSE
	EndGlobalSection
	GlobalSection(NestedProjects) = preSolution
		{391F909E-D33C-4DF0-95EE-EC535F6E065C} = {CCFFE34B-39E0-46D4-B083-5A2E4C030C1B}
	EndGlobalSection
	GlobalSection(ExtensibilityGlobals) = postSolution
		SolutionGuid = {0D7BE74E-D648-480F-BEF9-001DED09CE02}
	EndGlobalSection
EndGlobal
