
Microsoft Visual Studio Solution File, Format Version 12.00
# Visual Studio 15
VisualStudioVersion = 15.0.27004.2008
MinimumVisualStudioVersion = 10.0.40219.1
Project("{2150E333-8FDC-42A3-9474-1A3956D46DE8}") = "0-Test", "0-Test", "{CCFFE34B-39E0-46D4-B083-5A2E4C030C1B}"
EndProject
Project("{2150E333-8FDC-42A3-9474-1A3956D46DE8}") = "1-Core", "1-Core", "{4F0939B5-09A5-4739-9F2E-C8BFEA60EA34}"
EndProject
Project("{2150E333-8FDC-42A3-9474-1A3956D46DE8}") = "2-Adapter", "2-Adapter", "{8ED26847-F5D0-4F17-BE2E-21242948291B}"
EndProject
Project("{2150E333-8FDC-42A3-9474-1A3956D46DE8}") = "3-Infraestructure", "3-Infraestructure", "{1B399D44-0426-485D-83A0-28A345ACE338}"
EndProject
Project("{FAE04EC0-301F-11D3-BF4B-00C04F79EFBC}") = "UnitTestProject", "UnitTestProject\UnitTestProject.csproj", "{391F909E-D33C-4DF0-95EE-EC535F6E065C}"
EndProject
Project("{FAE04EC0-301F-11D3-BF4B-00C04F79EFBC}") = "Myproject.Domains", "Myproject.Domains\Myproject.Domains.csproj", "{3A9195EE-3E97-45C6-BA79-AACC970B90B4}"
EndProject
Project("{FAE04EC0-301F-11D3-BF4B-00C04F79EFBC}") = "MyProject.UseCases", "MyProject.UseCases\MyProject.UseCases.csproj", "{8ECC52B3-638D-44FE-974D-2947C69C58F4}"
EndProject
Project("{FAE04EC0-301F-11D3-BF4B-00C04F79EFBC}") = "Myproject.InterfaceAdapter", "Myproject.InterfaceAdapter\Myproject.InterfaceAdapter.csproj", "{A6F80216-2A9B-4D1B-AE7D-92CB257DF871}"
EndProject
Project("{FAE04EC0-301F-11D3-BF4B-00C04F79EFBC}") = "MyProject.InterfaceAdapter.DTOs", "MyProject.InterfaceAdapter.DTOs\MyProject.InterfaceAdapter.DTOs.csproj", "{7DF3BBCE-B964-40D5-8B17-A340C784FCE9}"
EndProject
Project("{2150E333-8FDC-42A3-9474-1A3956D46DE8}") = "Application", "Application", "{460829CB-DF16-4303-A43F-9597A8366EC4}"
EndProject
Project("{2150E333-8FDC-42A3-9474-1A3956D46DE8}") = "Infraestructure", "Infraestructure", "{354B2BA5-743D-4F28-A845-DDF7787FDE22}"
EndProject
Project("{FAE04EC0-301F-11D3-BF4B-00C04F79EFBC}") = "Myproject.Infraestructure", "Myproject.Infraestructure\Myproject.Infraestructure.csproj", "{5FAFA1C5-A278-4425-A262-B0C35D6644E5}"
EndProject
Project("{FAE04EC0-301F-11D3-BF4B-00C04F79EFBC}") = "Myproject.myapp.DTO", "Myproject.myapp.DTO\Myproject.myapp.DTO.csproj", "{A8D91420-B110-44C5-9C71-272483127050}"
EndProject
Global
	GlobalSection(SolutionConfigurationPlatforms) = preSolution
		Debug|Any CPU = Debug|Any CPU
		Release|Any CPU = Release|Any CPU
	EndGlobalSection
	GlobalSection(ProjectConfigurationPlatforms) = postSolution
		{391F909E-D33C-4DF0-95EE-EC535F6E065C}.Debug|Any CPU.ActiveCfg = Debug|Any CPU
		{391F909E-D33C-4DF0-95EE-EC535F6E065C}.Debug|Any CPU.Build.0 = Debug|Any CPU
		{391F909E-D33C-4DF0-95EE-EC535F6E065C}.Release|Any CPU.ActiveCfg = Release|Any CPU
		{391F909E-D33C-4DF0-95EE-EC535F6E065C}.Release|Any CPU.Build.0 = Release|Any CPU
		{3A9195EE-3E97-45C6-BA79-AACC970B90B4}.Debug|Any CPU.ActiveCfg = Debug|Any CPU
		{3A9195EE-3E97-45C6-BA79-AACC970B90B4}.Debug|Any CPU.Build.0 = Debug|Any CPU
		{3A9195EE-3E97-45C6-BA79-AACC970B90B4}.Release|Any CPU.ActiveCfg = Release|Any CPU
		{3A9195EE-3E97-45C6-BA79-AACC970B90B4}.Release|Any CPU.Build.0 = Release|Any CPU
		{8ECC52B3-638D-44FE-974D-2947C69C58F4}.Debug|Any CPU.ActiveCfg = Debug|Any CPU
		{8ECC52B3-638D-44FE-974D-2947C69C58F4}.Debug|Any CPU.Build.0 = Debug|Any CPU
		{8ECC52B3-638D-44FE-974D-2947C69C58F4}.Release|Any CPU.ActiveCfg = Release|Any CPU
		{8ECC52B3-638D-44FE-974D-2947C69C58F4}.Release|Any CPU.Build.0 = Release|Any CPU
		{A6F80216-2A9B-4D1B-AE7D-92CB257DF871}.Debug|Any CPU.ActiveCfg = Debug|Any CPU
		{A6F80216-2A9B-4D1B-AE7D-92CB257DF871}.Debug|Any CPU.Build.0 = Debug|Any CPU
		{A6F80216-2A9B-4D1B-AE7D-92CB257DF871}.Release|Any CPU.ActiveCfg = Release|Any CPU
		{A6F80216-2A9B-4D1B-AE7D-92CB257DF871}.Release|Any CPU.Build.0 = Release|Any CPU
		{7DF3BBCE-B964-40D5-8B17-A340C784FCE9}.Debug|Any CPU.ActiveCfg = Debug|Any CPU
		{7DF3BBCE-B964-40D5-8B17-A340C784FCE9}.Debug|Any CPU.Build.0 = Debug|Any CPU
		{7DF3BBCE-B964-40D5-8B17-A340C784FCE9}.Release|Any CPU.ActiveCfg = Release|Any CPU
		{7DF3BBCE-B964-40D5-8B17-A340C784FCE9}.Release|Any CPU.Build.0 = Release|Any CPU
		{5FAFA1C5-A278-4425-A262-B0C35D6644E5}.Debug|Any CPU.ActiveCfg = Debug|Any CPU
		{5FAFA1C5-A278-4425-A262-B0C35D6644E5}.Debug|Any CPU.Build.0 = Debug|Any CPU
		{5FAFA1C5-A278-4425-A262-B0C35D6644E5}.Release|Any CPU.ActiveCfg = Release|Any CPU
		{5FAFA1C5-A278-4425-A262-B0C35D6644E5}.Release|Any CPU.Build.0 = Release|Any CPU
		{A8D91420-B110-44C5-9C71-272483127050}.Debug|Any CPU.ActiveCfg = Debug|Any CPU
		{A8D91420-B110-44C5-9C71-272483127050}.Debug|Any CPU.Build.0 = Debug|Any CPU
		{A8D91420-B110-44C5-9C71-272483127050}.Release|Any CPU.ActiveCfg = Release|Any CPU
		{A8D91420-B110-44C5-9C71-272483127050}.Release|Any CPU.Build.0 = Release|Any CPU
	EndGlobalSection
	GlobalSection(SolutionProperties) = preSolution
		HideSolutionNode = FALSE
	EndGlobalSection
	GlobalSection(NestedProjects) = preSolution
		{391F909E-D33C-4DF0-95EE-EC535F6E065C} = {CCFFE34B-39E0-46D4-B083-5A2E4C030C1B}
		{3A9195EE-3E97-45C6-BA79-AACC970B90B4} = {4F0939B5-09A5-4739-9F2E-C8BFEA60EA34}
		{8ECC52B3-638D-44FE-974D-2947C69C58F4} = {4F0939B5-09A5-4739-9F2E-C8BFEA60EA34}
		{A6F80216-2A9B-4D1B-AE7D-92CB257DF871} = {8ED26847-F5D0-4F17-BE2E-21242948291B}
		{7DF3BBCE-B964-40D5-8B17-A340C784FCE9} = {8ED26847-F5D0-4F17-BE2E-21242948291B}
		{460829CB-DF16-4303-A43F-9597A8366EC4} = {1B399D44-0426-485D-83A0-28A345ACE338}
		{354B2BA5-743D-4F28-A845-DDF7787FDE22} = {1B399D44-0426-485D-83A0-28A345ACE338}
		{5FAFA1C5-A278-4425-A262-B0C35D6644E5} = {354B2BA5-743D-4F28-A845-DDF7787FDE22}
		{A8D91420-B110-44C5-9C71-272483127050} = {354B2BA5-743D-4F28-A845-DDF7787FDE22}
	EndGlobalSection
	GlobalSection(ExtensibilityGlobals) = postSolution
		SolutionGuid = {0D7BE74E-D648-480F-BEF9-001DED09CE02}
	EndGlobalSection
EndGlobal
